
Microsoft Visual Studio Solution File, Format Version 12.00
# Visual Studio Version 17
VisualStudioVersion = 17.10.34916.146
MinimumVisualStudioVersion = 10.0.40219.1
Project("{FAE04EC0-301F-11D3-BF4B-00C04F79EFBC}") = "testfirebase", "testfirebase.csproj", "{6BC0356D-03C1-470D-A070-BC0972D3BDDB}"
EndProject
Global
	GlobalSection(SolutionConfigurationPlatforms) = preSolution
		Debug|Any CPU = Debug|Any CPU
		Release|Any CPU = Release|Any CPU
	EndGlobalSection
	GlobalSection(ProjectConfigurationPlatforms) = postSolution
		{6BC0356D-03C1-470D-A070-BC0972D3BDDB}.Debug|Any CPU.ActiveCfg = Debug|Any CPU
		{6BC0356D-03C1-470D-A070-BC0972D3BDDB}.Debug|Any CPU.Build.0 = Debug|Any CPU
		{6BC0356D-03C1-470D-A070-BC0972D3BDDB}.Release|Any CPU.ActiveCfg = Release|Any CPU
		{6BC0356D-03C1-470D-A070-BC0972D3BDDB}.Release|Any CPU.Build.0 = Release|Any CPU
	EndGlobalSection
	GlobalSection(SolutionProperties) = preSolution
		HideSolutionNode = FALSE
	EndGlobalSection
	GlobalSection(ExtensibilityGlobals) = postSolution
		SolutionGuid = {3FB7ED81-EBC8-45C5-93A2-342267D28DB6}
	EndGlobalSection
EndGlobal
