
Microsoft Visual Studio Solution File, Format Version 12.00
# Visual Studio Version 17
VisualStudioVersion = 17.9.34622.214
MinimumVisualStudioVersion = 10.0.40219.1
Project("{8BC9CEB8-8B4A-11D0-8D11-00A0C91BC942}") = "ConsoleApplication2", "ConsoleApplication2\ConsoleApplication2.vcxproj", "{3FAD25EC-2190-402E-B218-B8C7C3D153F3}"
EndProject
Project("{2150E333-8FDC-42A3-9474-1A3956D46DE8}") = "Solution Items", "Solution Items", "{D7F81337-B92A-4E52-B7C5-75D901E2257F}"
EndProject
Global
	GlobalSection(SolutionConfigurationPlatforms) = preSolution
		Debug|x64 = Debug|x64
		Debug|x86 = Debug|x86
		Release|x64 = Release|x64
		Release|x86 = Release|x86
	EndGlobalSection
	GlobalSection(ProjectConfigurationPlatforms) = postSolution
		{3FAD25EC-2190-402E-B218-B8C7C3D153F3}.Debug|x64.ActiveCfg = Debug|x64
		{3FAD25EC-2190-402E-B218-B8C7C3D153F3}.Debug|x64.Build.0 = Debug|x64
		{3FAD25EC-2190-402E-B218-B8C7C3D153F3}.Debug|x86.ActiveCfg = Debug|Win32
		{3FAD25EC-2190-402E-B218-B8C7C3D153F3}.Debug|x86.Build.0 = Debug|Win32
		{3FAD25EC-2190-402E-B218-B8C7C3D153F3}.Release|x64.ActiveCfg = Release|x64
		{3FAD25EC-2190-402E-B218-B8C7C3D153F3}.Release|x64.Build.0 = Release|x64
		{3FAD25EC-2190-402E-B218-B8C7C3D153F3}.Release|x86.ActiveCfg = Release|Win32
		{3FAD25EC-2190-402E-B218-B8C7C3D153F3}.Release|x86.Build.0 = Release|Win32
	EndGlobalSection
	GlobalSection(SolutionProperties) = preSolution
		HideSolutionNode = FALSE
	EndGlobalSection
	GlobalSection(ExtensibilityGlobals) = postSolution
		SolutionGuid = {6316352B-44B8-4863-AA8B-4620F7B9C0F9}
	EndGlobalSection
EndGlobal
